{
  "requires": true,
  "lockfileVersion": 1,
  "dependencies": {
    "leaflet.elevation": {
      "version": "0.0.3",
      "resolved": "https://registry.npmjs.org/leaflet.elevation/-/leaflet.elevation-0.0.3.tgz",
      "integrity": "sha1-EE1NkDzZUEpyn7HwMaIc8oGp+tQ="
    },
    "leaflet.heightgraph": {
      "version": "0.1.0",
      "resolved": "https://registry.npmjs.org/leaflet.heightgraph/-/leaflet.heightgraph-0.1.0.tgz",
      "integrity": "sha512-g6lZzH9nmhwfKS9cly7LygRiuxItRkl1lJTLXU88hjcHUDT57VVzSDd+ElQ3BN/dga2SEKy5A60D0R73dVwX+A=="
    }
  }
}
